// !$*UTF8*$!
{
	archiveVersion = 1;
	classes = {
	};
	objectVersion = 46;
	objects = {

/* Begin PBXBuildFile section */
		27655608143290ED0001BDE4 /* WebViewController.xib in Resources */ = {isa = PBXBuildFile; fileRef = 27655606143290ED0001BDE4 /* WebViewController.xib */; };
		2765560F143291530001BDE4 /* webview_back_button.png in Resources */ = {isa = PBXBuildFile; fileRef = 27655609143291530001BDE4 /* webview_back_button.png */; };
		27655610143291530001BDE4 /* webview_back_button@2x.png in Resources */ = {isa = PBXBuildFile; fileRef = 2765560A143291530001BDE4 /* webview_back_button@2x.png */; };
		27655611143291530001BDE4 /* webview_forward_button.png in Resources */ = {isa = PBXBuildFile; fileRef = 2765560B143291530001BDE4 /* webview_forward_button.png */; };
		27655612143291530001BDE4 /* webview_forward_button@2x.png in Resources */ = {isa = PBXBuildFile; fileRef = 2765560C143291530001BDE4 /* webview_forward_button@2x.png */; };
		27655613143291530001BDE4 /* webview_back_arrow.png in Resources */ = {isa = PBXBuildFile; fileRef = 2765560D143291530001BDE4 /* webview_back_arrow.png */; };
		27655614143291530001BDE4 /* webview_back_arrow@2x.png in Resources */ = {isa = PBXBuildFile; fileRef = 2765560E143291530001BDE4 /* webview_back_arrow@2x.png */; };
		27A61B5F15D1EA4100C27BF5 /* IQE.m in Sources */ = {isa = PBXBuildFile; fileRef = 27A61B1915D1EA4100C27BF5 /* IQE.m */; };
		27A61B6015D1EA4100C27BF5 /* IQEDebug.m in Sources */ = {isa = PBXBuildFile; fileRef = 27A61B1C15D1EA4100C27BF5 /* IQEDebug.m */; };
		27A61B6115D1EA4100C27BF5 /* IQEImageCapture.m in Sources */ = {isa = PBXBuildFile; fileRef = 27A61B1E15D1EA4100C27BF5 /* IQEImageCapture.m */; };
		27A61B6215D1EA4100C27BF5 /* IQEnginesMisc.m in Sources */ = {isa = PBXBuildFile; fileRef = 27A61B2015D1EA4100C27BF5 /* IQEnginesMisc.m */; };
		27A61B6315D1EA4100C27BF5 /* IQEnginesLocal.m in Sources */ = {isa = PBXBuildFile; fileRef = 27A61B2315D1EA4100C27BF5 /* IQEnginesLocal.m */; };
		27A61B6415D1EA4100C27BF5 /* libIQEnginesLocal.a in Frameworks */ = {isa = PBXBuildFile; fileRef = 27A61B2415D1EA4100C27BF5 /* libIQEnginesLocal.a */; };
		27A61B6515D1EA4100C27BF5 /* IQEnginesAPI.m in Sources */ = {isa = PBXBuildFile; fileRef = 27A61B2815D1EA4100C27BF5 /* IQEnginesAPI.m */; };
		27A61B6615D1EA4100C27BF5 /* IQEnginesBarcodeResultParser.m in Sources */ = {isa = PBXBuildFile; fileRef = 27A61B2A15D1EA4100C27BF5 /* IQEnginesBarcodeResultParser.m */; };
		27A61B6715D1EA4100C27BF5 /* IQEnginesFeedbackResultParser.m in Sources */ = {isa = PBXBuildFile; fileRef = 27A61B2C15D1EA4100C27BF5 /* IQEnginesFeedbackResultParser.m */; };
		27A61B6815D1EA4100C27BF5 /* IQEnginesQueryResultParser.m in Sources */ = {isa = PBXBuildFile; fileRef = 27A61B2E15D1EA4100C27BF5 /* IQEnginesQueryResultParser.m */; };
		27A61B6915D1EA4100C27BF5 /* IQEnginesRequestHandler.m in Sources */ = {isa = PBXBuildFile; fileRef = 27A61B3015D1EA4100C27BF5 /* IQEnginesRequestHandler.m */; };
		27A61B6A15D1EA4100C27BF5 /* IQEnginesResultResultParser.m in Sources */ = {isa = PBXBuildFile; fileRef = 27A61B3215D1EA4100C27BF5 /* IQEnginesResultResultParser.m */; };
		27A61B6B15D1EA4100C27BF5 /* IQEnginesTags.m in Sources */ = {isa = PBXBuildFile; fileRef = 27A61B3415D1EA4100C27BF5 /* IQEnginesTags.m */; };
		27A61B6C15D1EA4100C27BF5 /* IQEnginesUpdateResultParser.m in Sources */ = {isa = PBXBuildFile; fileRef = 27A61B3615D1EA4100C27BF5 /* IQEnginesUpdateResultParser.m */; };
		27A61B6D15D1EA4100C27BF5 /* IQEnginesUtils.m in Sources */ = {isa = PBXBuildFile; fileRef = 27A61B3815D1EA4100C27BF5 /* IQEnginesUtils.m */; };
		27A61B6E15D1EA4100C27BF5 /* IQEnginesXMLParserBase.m in Sources */ = {isa = PBXBuildFile; fileRef = 27A61B3A15D1EA4100C27BF5 /* IQEnginesXMLParserBase.m */; };
		27A61B6F15D1EA4100C27BF5 /* IQEnginesRemote.m in Sources */ = {isa = PBXBuildFile; fileRef = 27A61B3C15D1EA4100C27BF5 /* IQEnginesRemote.m */; };
		27A61B7015D1EA4100C27BF5 /* IQEBadgeView.m in Sources */ = {isa = PBXBuildFile; fileRef = 27A61B3F15D1EA4100C27BF5 /* IQEBadgeView.m */; };
		27A61B7115D1EA4100C27BF5 /* IQEHistoryTableViewCell.m in Sources */ = {isa = PBXBuildFile; fileRef = 27A61B4115D1EA4100C27BF5 /* IQEHistoryTableViewCell.m */; };
		27A61B7215D1EA4100C27BF5 /* IQELocation.m in Sources */ = {isa = PBXBuildFile; fileRef = 27A61B4315D1EA4100C27BF5 /* IQELocation.m */; };
		27A61B7315D1EA4100C27BF5 /* IQEQuery.m in Sources */ = {isa = PBXBuildFile; fileRef = 27A61B4515D1EA4100C27BF5 /* IQEQuery.m */; };
		27A61B7415D1EA4100C27BF5 /* IQEViewController.m in Sources */ = {isa = PBXBuildFile; fileRef = 27A61B4715D1EA4100C27BF5 /* IQEViewController.m */; };
		27A61B7515D1EA4100C27BF5 /* IQE.strings in Resources */ = {isa = PBXBuildFile; fileRef = 27A61B4915D1EA4100C27BF5 /* IQE.strings */; };
		27A61B7615D1EA4100C27BF5 /* IQEViewController.xib in Resources */ = {isa = PBXBuildFile; fileRef = 27A61B4B15D1EA4100C27BF5 /* IQEViewController.xib */; };
		27A61B7715D1EA4100C27BF5 /* IQEAccessoryDisclosureArrow.png in Resources */ = {isa = PBXBuildFile; fileRef = 27A61B4D15D1EA4100C27BF5 /* IQEAccessoryDisclosureArrow.png */; };
		27A61B7815D1EA4100C27BF5 /* IQEAccessoryDisclosureArrow@2x.png in Resources */ = {isa = PBXBuildFile; fileRef = 27A61B4E15D1EA4100C27BF5 /* IQEAccessoryDisclosureArrow@2x.png */; };
		27A61B7915D1EA4100C27BF5 /* IQEBackArrow.png in Resources */ = {isa = PBXBuildFile; fileRef = 27A61B4F15D1EA4100C27BF5 /* IQEBackArrow.png */; };
		27A61B7A15D1EA4100C27BF5 /* IQEBackArrow@2x.png in Resources */ = {isa = PBXBuildFile; fileRef = 27A61B5015D1EA4100C27BF5 /* IQEBackArrow@2x.png */; };
		27A61B7B15D1EA4100C27BF5 /* IQEBarcode.png in Resources */ = {isa = PBXBuildFile; fileRef = 27A61B5115D1EA4100C27BF5 /* IQEBarcode.png */; };
		27A61B7C15D1EA4100C27BF5 /* IQEBarcode@2x.png in Resources */ = {isa = PBXBuildFile; fileRef = 27A61B5215D1EA4100C27BF5 /* IQEBarcode@2x.png */; };
		27A61B7D15D1EA4100C27BF5 /* IQECameraButton.png in Resources */ = {isa = PBXBuildFile; fileRef = 27A61B5315D1EA4100C27BF5 /* IQECameraButton.png */; };
		27A61B7E15D1EA4100C27BF5 /* IQECameraButton@2x.png in Resources */ = {isa = PBXBuildFile; fileRef = 27A61B5415D1EA4100C27BF5 /* IQECameraButton@2x.png */; };
		27A61B7F15D1EA4100C27BF5 /* IQECameraIcon.png in Resources */ = {isa = PBXBuildFile; fileRef = 27A61B5515D1EA4100C27BF5 /* IQECameraIcon.png */; };
		27A61B8015D1EA4100C27BF5 /* IQECameraIcon@2x.png in Resources */ = {isa = PBXBuildFile; fileRef = 27A61B5615D1EA4100C27BF5 /* IQECameraIcon@2x.png */; };
		27A61B8115D1EA4100C27BF5 /* IQEDataMatrix.png in Resources */ = {isa = PBXBuildFile; fileRef = 27A61B5715D1EA4100C27BF5 /* IQEDataMatrix.png */; };
		27A61B8215D1EA4100C27BF5 /* IQEDataMatrix@2x.png in Resources */ = {isa = PBXBuildFile; fileRef = 27A61B5815D1EA4100C27BF5 /* IQEDataMatrix@2x.png */; };
		27A61B8315D1EA4100C27BF5 /* IQEHistoryIcon.png in Resources */ = {isa = PBXBuildFile; fileRef = 27A61B5915D1EA4100C27BF5 /* IQEHistoryIcon.png */; };
		27A61B8415D1EA4100C27BF5 /* IQEHistoryIcon@2x.png in Resources */ = {isa = PBXBuildFile; fileRef = 27A61B5A15D1EA4100C27BF5 /* IQEHistoryIcon@2x.png */; };
		27A61B8515D1EA4100C27BF5 /* IQEQRCode.png in Resources */ = {isa = PBXBuildFile; fileRef = 27A61B5B15D1EA4100C27BF5 /* IQEQRCode.png */; };
		27A61B8615D1EA4100C27BF5 /* IQEQRCode@2x.png in Resources */ = {isa = PBXBuildFile; fileRef = 27A61B5C15D1EA4100C27BF5 /* IQEQRCode@2x.png */; };
		27A61B8715D1EA4100C27BF5 /* UIImage+IQE.m in Sources */ = {isa = PBXBuildFile; fileRef = 27A61B5E15D1EA4100C27BF5 /* UIImage+IQE.m */; };
		27A61B8A15D1F3E300C27BF5 /* ResultsViewController.m in Sources */ = {isa = PBXBuildFile; fileRef = 27A61B8915D1F3E300C27BF5 /* ResultsViewController.m */; };
		27A61B8D15D1F3FB00C27BF5 /* ResultsViewController.xib in Resources */ = {isa = PBXBuildFile; fileRef = 27A61B8B15D1F3FB00C27BF5 /* ResultsViewController.xib */; };
		27A61B9215D1F71A00C27BF5 /* ResultsBackArrow.png in Resources */ = {isa = PBXBuildFile; fileRef = 27A61B8E15D1F71A00C27BF5 /* ResultsBackArrow.png */; };
		27A61B9315D1F71A00C27BF5 /* ResultsBackArrow@2x.png in Resources */ = {isa = PBXBuildFile; fileRef = 27A61B8F15D1F71A00C27BF5 /* ResultsBackArrow@2x.png */; };
		27A61B9415D1F71A00C27BF5 /* ResultsWWW.png in Resources */ = {isa = PBXBuildFile; fileRef = 27A61B9015D1F71A00C27BF5 /* ResultsWWW.png */; };
		27A61B9515D1F71A00C27BF5 /* ResultsWWW@2x.png in Resources */ = {isa = PBXBuildFile; fileRef = 27A61B9115D1F71A00C27BF5 /* ResultsWWW@2x.png */; };
		27ACF09814C8DB2400CF6FB1 /* CoreGraphics.framework in Frameworks */ = {isa = PBXBuildFile; fileRef = 27ACF09714C8DB2400CF6FB1 /* CoreGraphics.framework */; };
		27EA37831432741A00BAAB34 /* UIKit.framework in Frameworks */ = {isa = PBXBuildFile; fileRef = 27EA37821432741A00BAAB34 /* UIKit.framework */; };
		27EA37851432741A00BAAB34 /* Foundation.framework in Frameworks */ = {isa = PBXBuildFile; fileRef = 27EA37841432741A00BAAB34 /* Foundation.framework */; };
		27EA378F1432741A00BAAB34 /* main.m in Sources */ = {isa = PBXBuildFile; fileRef = 27EA378E1432741A00BAAB34 /* main.m */; };
		27EA37931432741A00BAAB34 /* ExampleAppDelegate.m in Sources */ = {isa = PBXBuildFile; fileRef = 27EA37921432741A00BAAB34 /* ExampleAppDelegate.m */; };
		27EA37991432741A00BAAB34 /* ExampleViewController.m in Sources */ = {isa = PBXBuildFile; fileRef = 27EA37981432741A00BAAB34 /* ExampleViewController.m */; };
		27EA37B0143286E500BAAB34 /* AVFoundation.framework in Frameworks */ = {isa = PBXBuildFile; fileRef = 27EA37AB143286E500BAAB34 /* AVFoundation.framework */; settings = {ATTRIBUTES = (Weak, ); }; };
		27EA37B1143286E500BAAB34 /* CoreMedia.framework in Frameworks */ = {isa = PBXBuildFile; fileRef = 27EA37AC143286E500BAAB34 /* CoreMedia.framework */; };
		27EA37B2143286E500BAAB34 /* CoreVideo.framework in Frameworks */ = {isa = PBXBuildFile; fileRef = 27EA37AD143286E500BAAB34 /* CoreVideo.framework */; };
		27EA37B3143286E500BAAB34 /* libiconv.dylib in Frameworks */ = {isa = PBXBuildFile; fileRef = 27EA37AE143286E500BAAB34 /* libiconv.dylib */; };
		27EA37B4143286E500BAAB34 /* QuartzCore.framework in Frameworks */ = {isa = PBXBuildFile; fileRef = 27EA37AF143286E500BAAB34 /* QuartzCore.framework */; };
		27EA37F8143287E900BAAB34 /* CoreLocation.framework in Frameworks */ = {isa = PBXBuildFile; fileRef = 27EA37F7143287E900BAAB34 /* CoreLocation.framework */; };
		27EA38041432896900BAAB34 /* ExampleViewController.xib in Resources */ = {isa = PBXBuildFile; fileRef = 27EA37FE1432896900BAAB34 /* ExampleViewController.xib */; };
		27EA38051432896900BAAB34 /* InfoPlist.strings in Resources */ = {isa = PBXBuildFile; fileRef = 27EA38001432896900BAAB34 /* InfoPlist.strings */; };
		27EA38061432896900BAAB34 /* MainWindow.xib in Resources */ = {isa = PBXBuildFile; fileRef = 27EA38021432896900BAAB34 /* MainWindow.xib */; };
		27EA380D14328E5E00BAAB34 /* WebViewController.m in Sources */ = {isa = PBXBuildFile; fileRef = 27EA380C14328E5E00BAAB34 /* WebViewController.m */; };
/* End PBXBuildFile section */

/* Begin PBXFileReference section */
		27655607143290ED0001BDE4 /* en */ = {isa = PBXFileReference; lastKnownFileType = file.xib; name = en; path = en.lproj/WebViewController.xib; sourceTree = "<group>"; };
		27655609143291530001BDE4 /* webview_back_button.png */ = {isa = PBXFileReference; lastKnownFileType = image.png; path = webview_back_button.png; sourceTree = "<group>"; };
		2765560A143291530001BDE4 /* webview_back_button@2x.png */ = {isa = PBXFileReference; lastKnownFileType = image.png; path = "webview_back_button@2x.png"; sourceTree = "<group>"; };
		2765560B143291530001BDE4 /* webview_forward_button.png */ = {isa = PBXFileReference; lastKnownFileType = image.png; path = webview_forward_button.png; sourceTree = "<group>"; };
		2765560C143291530001BDE4 /* webview_forward_button@2x.png */ = {isa = PBXFileReference; lastKnownFileType = image.png; path = "webview_forward_button@2x.png"; sourceTree = "<group>"; };
		2765560D143291530001BDE4 /* webview_back_arrow.png */ = {isa = PBXFileReference; lastKnownFileType = image.png; path = webview_back_arrow.png; sourceTree = "<group>"; };
		2765560E143291530001BDE4 /* webview_back_arrow@2x.png */ = {isa = PBXFileReference; lastKnownFileType = image.png; path = "webview_back_arrow@2x.png"; sourceTree = "<group>"; };
		27A61B1815D1EA4100C27BF5 /* IQE.h */ = {isa = PBXFileReference; fileEncoding = 4; lastKnownFileType = sourcecode.c.h; path = IQE.h; sourceTree = "<group>"; };
		27A61B1915D1EA4100C27BF5 /* IQE.m */ = {isa = PBXFileReference; fileEncoding = 4; lastKnownFileType = sourcecode.c.objc; path = IQE.m; sourceTree = "<group>"; };
		27A61B1A15D1EA4100C27BF5 /* IQEConfig.h */ = {isa = PBXFileReference; fileEncoding = 4; lastKnownFileType = sourcecode.c.h; path = IQEConfig.h; sourceTree = "<group>"; };
		27A61B1B15D1EA4100C27BF5 /* IQEDebug.h */ = {isa = PBXFileReference; fileEncoding = 4; lastKnownFileType = sourcecode.c.h; path = IQEDebug.h; sourceTree = "<group>"; };
		27A61B1C15D1EA4100C27BF5 /* IQEDebug.m */ = {isa = PBXFileReference; fileEncoding = 4; lastKnownFileType = sourcecode.c.objc; path = IQEDebug.m; sourceTree = "<group>"; };
		27A61B1D15D1EA4100C27BF5 /* IQEImageCapture.h */ = {isa = PBXFileReference; fileEncoding = 4; lastKnownFileType = sourcecode.c.h; path = IQEImageCapture.h; sourceTree = "<group>"; };
		27A61B1E15D1EA4100C27BF5 /* IQEImageCapture.m */ = {isa = PBXFileReference; fileEncoding = 4; lastKnownFileType = sourcecode.c.objc; path = IQEImageCapture.m; sourceTree = "<group>"; };
		27A61B1F15D1EA4100C27BF5 /* IQEnginesMisc.h */ = {isa = PBXFileReference; fileEncoding = 4; lastKnownFileType = sourcecode.c.h; path = IQEnginesMisc.h; sourceTree = "<group>"; };
		27A61B2015D1EA4100C27BF5 /* IQEnginesMisc.m */ = {isa = PBXFileReference; fileEncoding = 4; lastKnownFileType = sourcecode.c.objc; path = IQEnginesMisc.m; sourceTree = "<group>"; };
		27A61B2215D1EA4100C27BF5 /* IQEnginesLocal.h */ = {isa = PBXFileReference; fileEncoding = 4; lastKnownFileType = sourcecode.c.h; path = IQEnginesLocal.h; sourceTree = "<group>"; };
		27A61B2315D1EA4100C27BF5 /* IQEnginesLocal.m */ = {isa = PBXFileReference; fileEncoding = 4; lastKnownFileType = sourcecode.c.objc; path = IQEnginesLocal.m; sourceTree = "<group>"; };
		27A61B2415D1EA4100C27BF5 /* libIQEnginesLocal.a */ = {isa = PBXFileReference; lastKnownFileType = archive.ar; path = libIQEnginesLocal.a; sourceTree = "<group>"; };
		27A61B2715D1EA4100C27BF5 /* IQEnginesAPI.h */ = {isa = PBXFileReference; fileEncoding = 4; lastKnownFileType = sourcecode.c.h; path = IQEnginesAPI.h; sourceTree = "<group>"; };
		27A61B2815D1EA4100C27BF5 /* IQEnginesAPI.m */ = {isa = PBXFileReference; fileEncoding = 4; lastKnownFileType = sourcecode.c.objc; path = IQEnginesAPI.m; sourceTree = "<group>"; };
		27A61B2915D1EA4100C27BF5 /* IQEnginesBarcodeResultParser.h */ = {isa = PBXFileReference; fileEncoding = 4; lastKnownFileType = sourcecode.c.h; path = IQEnginesBarcodeResultParser.h; sourceTree = "<group>"; };
		27A61B2A15D1EA4100C27BF5 /* IQEnginesBarcodeResultParser.m */ = {isa = PBXFileReference; fileEncoding = 4; lastKnownFileType = sourcecode.c.objc; path = IQEnginesBarcodeResultParser.m; sourceTree = "<group>"; };
		27A61B2B15D1EA4100C27BF5 /* IQEnginesFeedbackResultParser.h */ = {isa = PBXFileReference; fileEncoding = 4; lastKnownFileType = sourcecode.c.h; path = IQEnginesFeedbackResultParser.h; sourceTree = "<group>"; };
		27A61B2C15D1EA4100C27BF5 /* IQEnginesFeedbackResultParser.m */ = {isa = PBXFileReference; fileEncoding = 4; lastKnownFileType = sourcecode.c.objc; path = IQEnginesFeedbackResultParser.m; sourceTree = "<group>"; };
		27A61B2D15D1EA4100C27BF5 /* IQEnginesQueryResultParser.h */ = {isa = PBXFileReference; fileEncoding = 4; lastKnownFileType = sourcecode.c.h; path = IQEnginesQueryResultParser.h; sourceTree = "<group>"; };
		27A61B2E15D1EA4100C27BF5 /* IQEnginesQueryResultParser.m */ = {isa = PBXFileReference; fileEncoding = 4; lastKnownFileType = sourcecode.c.objc; path = IQEnginesQueryResultParser.m; sourceTree = "<group>"; };
		27A61B2F15D1EA4100C27BF5 /* IQEnginesRequestHandler.h */ = {isa = PBXFileReference; fileEncoding = 4; lastKnownFileType = sourcecode.c.h; path = IQEnginesRequestHandler.h; sourceTree = "<group>"; };
		27A61B3015D1EA4100C27BF5 /* IQEnginesRequestHandler.m */ = {isa = PBXFileReference; fileEncoding = 4; lastKnownFileType = sourcecode.c.objc; path = IQEnginesRequestHandler.m; sourceTree = "<group>"; };
		27A61B3115D1EA4100C27BF5 /* IQEnginesResultResultParser.h */ = {isa = PBXFileReference; fileEncoding = 4; lastKnownFileType = sourcecode.c.h; path = IQEnginesResultResultParser.h; sourceTree = "<group>"; };
		27A61B3215D1EA4100C27BF5 /* IQEnginesResultResultParser.m */ = {isa = PBXFileReference; fileEncoding = 4; lastKnownFileType = sourcecode.c.objc; path = IQEnginesResultResultParser.m; sourceTree = "<group>"; };
		27A61B3315D1EA4100C27BF5 /* IQEnginesTags.h */ = {isa = PBXFileReference; fileEncoding = 4; lastKnownFileType = sourcecode.c.h; path = IQEnginesTags.h; sourceTree = "<group>"; };
		27A61B3415D1EA4100C27BF5 /* IQEnginesTags.m */ = {isa = PBXFileReference; fileEncoding = 4; lastKnownFileType = sourcecode.c.objc; path = IQEnginesTags.m; sourceTree = "<group>"; };
		27A61B3515D1EA4100C27BF5 /* IQEnginesUpdateResultParser.h */ = {isa = PBXFileReference; fileEncoding = 4; lastKnownFileType = sourcecode.c.h; path = IQEnginesUpdateResultParser.h; sourceTree = "<group>"; };
		27A61B3615D1EA4100C27BF5 /* IQEnginesUpdateResultParser.m */ = {isa = PBXFileReference; fileEncoding = 4; lastKnownFileType = sourcecode.c.objc; path = IQEnginesUpdateResultParser.m; sourceTree = "<group>"; };
		27A61B3715D1EA4100C27BF5 /* IQEnginesUtils.h */ = {isa = PBXFileReference; fileEncoding = 4; lastKnownFileType = sourcecode.c.h; path = IQEnginesUtils.h; sourceTree = "<group>"; };
		27A61B3815D1EA4100C27BF5 /* IQEnginesUtils.m */ = {isa = PBXFileReference; fileEncoding = 4; lastKnownFileType = sourcecode.c.objc; path = IQEnginesUtils.m; sourceTree = "<group>"; };
		27A61B3915D1EA4100C27BF5 /* IQEnginesXMLParserBase.h */ = {isa = PBXFileReference; fileEncoding = 4; lastKnownFileType = sourcecode.c.h; path = IQEnginesXMLParserBase.h; sourceTree = "<group>"; };
		27A61B3A15D1EA4100C27BF5 /* IQEnginesXMLParserBase.m */ = {isa = PBXFileReference; fileEncoding = 4; lastKnownFileType = sourcecode.c.objc; path = IQEnginesXMLParserBase.m; sourceTree = "<group>"; };
		27A61B3B15D1EA4100C27BF5 /* IQEnginesRemote.h */ = {isa = PBXFileReference; fileEncoding = 4; lastKnownFileType = sourcecode.c.h; path = IQEnginesRemote.h; sourceTree = "<group>"; };
		27A61B3C15D1EA4100C27BF5 /* IQEnginesRemote.m */ = {isa = PBXFileReference; fileEncoding = 4; lastKnownFileType = sourcecode.c.objc; path = IQEnginesRemote.m; sourceTree = "<group>"; };
		27A61B3E15D1EA4100C27BF5 /* IQEBadgeView.h */ = {isa = PBXFileReference; fileEncoding = 4; lastKnownFileType = sourcecode.c.h; path = IQEBadgeView.h; sourceTree = "<group>"; };
		27A61B3F15D1EA4100C27BF5 /* IQEBadgeView.m */ = {isa = PBXFileReference; fileEncoding = 4; lastKnownFileType = sourcecode.c.objc; path = IQEBadgeView.m; sourceTree = "<group>"; };
		27A61B4015D1EA4100C27BF5 /* IQEHistoryTableViewCell.h */ = {isa = PBXFileReference; fileEncoding = 4; lastKnownFileType = sourcecode.c.h; path = IQEHistoryTableViewCell.h; sourceTree = "<group>"; };
		27A61B4115D1EA4100C27BF5 /* IQEHistoryTableViewCell.m */ = {isa = PBXFileReference; fileEncoding = 4; lastKnownFileType = sourcecode.c.objc; path = IQEHistoryTableViewCell.m; sourceTree = "<group>"; };
		27A61B4215D1EA4100C27BF5 /* IQELocation.h */ = {isa = PBXFileReference; fileEncoding = 4; lastKnownFileType = sourcecode.c.h; path = IQELocation.h; sourceTree = "<group>"; };
		27A61B4315D1EA4100C27BF5 /* IQELocation.m */ = {isa = PBXFileReference; fileEncoding = 4; lastKnownFileType = sourcecode.c.objc; path = IQELocation.m; sourceTree = "<group>"; };
		27A61B4415D1EA4100C27BF5 /* IQEQuery.h */ = {isa = PBXFileReference; fileEncoding = 4; lastKnownFileType = sourcecode.c.h; path = IQEQuery.h; sourceTree = "<group>"; };
		27A61B4515D1EA4100C27BF5 /* IQEQuery.m */ = {isa = PBXFileReference; fileEncoding = 4; lastKnownFileType = sourcecode.c.objc; path = IQEQuery.m; sourceTree = "<group>"; };
		27A61B4615D1EA4100C27BF5 /* IQEViewController.h */ = {isa = PBXFileReference; fileEncoding = 4; lastKnownFileType = sourcecode.c.h; path = IQEViewController.h; sourceTree = "<group>"; };
		27A61B4715D1EA4100C27BF5 /* IQEViewController.m */ = {isa = PBXFileReference; fileEncoding = 4; lastKnownFileType = sourcecode.c.objc; path = IQEViewController.m; sourceTree = "<group>"; };
		27A61B4A15D1EA4100C27BF5 /* en */ = {isa = PBXFileReference; lastKnownFileType = text.plist.strings; name = en; path = en.lproj/IQE.strings; sourceTree = "<group>"; };
		27A61B4C15D1EA4100C27BF5 /* en */ = {isa = PBXFileReference; lastKnownFileType = file.xib; name = en; path = en.lproj/IQEViewController.xib; sourceTree = "<group>"; };
		27A61B4D15D1EA4100C27BF5 /* IQEAccessoryDisclosureArrow.png */ = {isa = PBXFileReference; lastKnownFileType = image.png; path = IQEAccessoryDisclosureArrow.png; sourceTree = "<group>"; };
		27A61B4E15D1EA4100C27BF5 /* IQEAccessoryDisclosureArrow@2x.png */ = {isa = PBXFileReference; lastKnownFileType = image.png; path = "IQEAccessoryDisclosureArrow@2x.png"; sourceTree = "<group>"; };
		27A61B4F15D1EA4100C27BF5 /* IQEBackArrow.png */ = {isa = PBXFileReference; lastKnownFileType = image.png; path = IQEBackArrow.png; sourceTree = "<group>"; };
		27A61B5015D1EA4100C27BF5 /* IQEBackArrow@2x.png */ = {isa = PBXFileReference; lastKnownFileType = image.png; path = "IQEBackArrow@2x.png"; sourceTree = "<group>"; };
		27A61B5115D1EA4100C27BF5 /* IQEBarcode.png */ = {isa = PBXFileReference; lastKnownFileType = image.png; path = IQEBarcode.png; sourceTree = "<group>"; };
		27A61B5215D1EA4100C27BF5 /* IQEBarcode@2x.png */ = {isa = PBXFileReference; lastKnownFileType = image.png; path = "IQEBarcode@2x.png"; sourceTree = "<group>"; };
		27A61B5315D1EA4100C27BF5 /* IQECameraButton.png */ = {isa = PBXFileReference; lastKnownFileType = image.png; path = IQECameraButton.png; sourceTree = "<group>"; };
		27A61B5415D1EA4100C27BF5 /* IQECameraButton@2x.png */ = {isa = PBXFileReference; lastKnownFileType = image.png; path = "IQECameraButton@2x.png"; sourceTree = "<group>"; };
		27A61B5515D1EA4100C27BF5 /* IQECameraIcon.png */ = {isa = PBXFileReference; lastKnownFileType = image.png; path = IQECameraIcon.png; sourceTree = "<group>"; };
		27A61B5615D1EA4100C27BF5 /* IQECameraIcon@2x.png */ = {isa = PBXFileReference; lastKnownFileType = image.png; path = "IQECameraIcon@2x.png"; sourceTree = "<group>"; };
		27A61B5715D1EA4100C27BF5 /* IQEDataMatrix.png */ = {isa = PBXFileReference; lastKnownFileType = image.png; path = IQEDataMatrix.png; sourceTree = "<group>"; };
		27A61B5815D1EA4100C27BF5 /* IQEDataMatrix@2x.png */ = {isa = PBXFileReference; lastKnownFileType = image.png; path = "IQEDataMatrix@2x.png"; sourceTree = "<group>"; };
		27A61B5915D1EA4100C27BF5 /* IQEHistoryIcon.png */ = {isa = PBXFileReference; lastKnownFileType = image.png; path = IQEHistoryIcon.png; sourceTree = "<group>"; };
		27A61B5A15D1EA4100C27BF5 /* IQEHistoryIcon@2x.png */ = {isa = PBXFileReference; lastKnownFileType = image.png; path = "IQEHistoryIcon@2x.png"; sourceTree = "<group>"; };
		27A61B5B15D1EA4100C27BF5 /* IQEQRCode.png */ = {isa = PBXFileReference; lastKnownFileType = image.png; path = IQEQRCode.png; sourceTree = "<group>"; };
		27A61B5C15D1EA4100C27BF5 /* IQEQRCode@2x.png */ = {isa = PBXFileReference; lastKnownFileType = image.png; path = "IQEQRCode@2x.png"; sourceTree = "<group>"; };
		27A61B5D15D1EA4100C27BF5 /* UIImage+IQE.h */ = {isa = PBXFileReference; fileEncoding = 4; lastKnownFileType = sourcecode.c.h; path = "UIImage+IQE.h"; sourceTree = "<group>"; };
		27A61B5E15D1EA4100C27BF5 /* UIImage+IQE.m */ = {isa = PBXFileReference; fileEncoding = 4; lastKnownFileType = sourcecode.c.objc; path = "UIImage+IQE.m"; sourceTree = "<group>"; };
		27A61B8815D1F3E300C27BF5 /* ResultsViewController.h */ = {isa = PBXFileReference; fileEncoding = 4; lastKnownFileType = sourcecode.c.h; path = ResultsViewController.h; sourceTree = "<group>"; };
		27A61B8915D1F3E300C27BF5 /* ResultsViewController.m */ = {isa = PBXFileReference; fileEncoding = 4; lastKnownFileType = sourcecode.c.objc; path = ResultsViewController.m; sourceTree = "<group>"; };
		27A61B8C15D1F3FB00C27BF5 /* en */ = {isa = PBXFileReference; lastKnownFileType = file.xib; name = en; path = en.lproj/ResultsViewController.xib; sourceTree = "<group>"; };
		27A61B8E15D1F71A00C27BF5 /* ResultsBackArrow.png */ = {isa = PBXFileReference; lastKnownFileType = image.png; path = ResultsBackArrow.png; sourceTree = "<group>"; };
		27A61B8F15D1F71A00C27BF5 /* ResultsBackArrow@2x.png */ = {isa = PBXFileReference; lastKnownFileType = image.png; path = "ResultsBackArrow@2x.png"; sourceTree = "<group>"; };
		27A61B9015D1F71A00C27BF5 /* ResultsWWW.png */ = {isa = PBXFileReference; lastKnownFileType = image.png; path = ResultsWWW.png; sourceTree = "<group>"; };
		27A61B9115D1F71A00C27BF5 /* ResultsWWW@2x.png */ = {isa = PBXFileReference; lastKnownFileType = image.png; path = "ResultsWWW@2x.png"; sourceTree = "<group>"; };
		27ACF09714C8DB2400CF6FB1 /* CoreGraphics.framework */ = {isa = PBXFileReference; lastKnownFileType = wrapper.framework; name = CoreGraphics.framework; path = System/Library/Frameworks/CoreGraphics.framework; sourceTree = SDKROOT; };
		27EA377E1432741A00BAAB34 /* Example.app */ = {isa = PBXFileReference; explicitFileType = wrapper.application; includeInIndex = 0; path = Example.app; sourceTree = BUILT_PRODUCTS_DIR; };
		27EA37821432741A00BAAB34 /* UIKit.framework */ = {isa = PBXFileReference; lastKnownFileType = wrapper.framework; name = UIKit.framework; path = System/Library/Frameworks/UIKit.framework; sourceTree = SDKROOT; };
		27EA37841432741A00BAAB34 /* Foundation.framework */ = {isa = PBXFileReference; lastKnownFileType = wrapper.framework; name = Foundation.framework; path = System/Library/Frameworks/Foundation.framework; sourceTree = SDKROOT; };
		27EA378A1432741A00BAAB34 /* Example-Info.plist */ = {isa = PBXFileReference; lastKnownFileType = text.plist.xml; path = "Example-Info.plist"; sourceTree = "<group>"; };
		27EA378E1432741A00BAAB34 /* main.m */ = {isa = PBXFileReference; lastKnownFileType = sourcecode.c.objc; path = main.m; sourceTree = "<group>"; };
		27EA37901432741A00BAAB34 /* Example-Prefix.pch */ = {isa = PBXFileReference; lastKnownFileType = sourcecode.c.h; path = "Example-Prefix.pch"; sourceTree = "<group>"; };
		27EA37911432741A00BAAB34 /* ExampleAppDelegate.h */ = {isa = PBXFileReference; lastKnownFileType = sourcecode.c.h; path = ExampleAppDelegate.h; sourceTree = "<group>"; };
		27EA37921432741A00BAAB34 /* ExampleAppDelegate.m */ = {isa = PBXFileReference; lastKnownFileType = sourcecode.c.objc; path = ExampleAppDelegate.m; sourceTree = "<group>"; };
		27EA37971432741A00BAAB34 /* ExampleViewController.h */ = {isa = PBXFileReference; lastKnownFileType = sourcecode.c.h; path = ExampleViewController.h; sourceTree = "<group>"; };
		27EA37981432741A00BAAB34 /* ExampleViewController.m */ = {isa = PBXFileReference; lastKnownFileType = sourcecode.c.objc; path = ExampleViewController.m; sourceTree = "<group>"; };
		27EA37AB143286E500BAAB34 /* AVFoundation.framework */ = {isa = PBXFileReference; lastKnownFileType = wrapper.framework; name = AVFoundation.framework; path = System/Library/Frameworks/AVFoundation.framework; sourceTree = SDKROOT; };
		27EA37AC143286E500BAAB34 /* CoreMedia.framework */ = {isa = PBXFileReference; lastKnownFileType = wrapper.framework; name = CoreMedia.framework; path = System/Library/Frameworks/CoreMedia.framework; sourceTree = SDKROOT; };
		27EA37AD143286E500BAAB34 /* CoreVideo.framework */ = {isa = PBXFileReference; lastKnownFileType = wrapper.framework; name = CoreVideo.framework; path = System/Library/Frameworks/CoreVideo.framework; sourceTree = SDKROOT; };
		27EA37AE143286E500BAAB34 /* libiconv.dylib */ = {isa = PBXFileReference; lastKnownFileType = "compiled.mach-o.dylib"; name = libiconv.dylib; path = usr/lib/libiconv.dylib; sourceTree = SDKROOT; };
		27EA37AF143286E500BAAB34 /* QuartzCore.framework */ = {isa = PBXFileReference; lastKnownFileType = wrapper.framework; name = QuartzCore.framework; path = System/Library/Frameworks/QuartzCore.framework; sourceTree = SDKROOT; };
		27EA37F7143287E900BAAB34 /* CoreLocation.framework */ = {isa = PBXFileReference; lastKnownFileType = wrapper.framework; name = CoreLocation.framework; path = System/Library/Frameworks/CoreLocation.framework; sourceTree = SDKROOT; };
		27EA37FF1432896900BAAB34 /* en */ = {isa = PBXFileReference; lastKnownFileType = file.xib; name = en; path = en.lproj/ExampleViewController.xib; sourceTree = "<group>"; };
		27EA38011432896900BAAB34 /* en */ = {isa = PBXFileReference; lastKnownFileType = text.plist.strings; name = en; path = en.lproj/InfoPlist.strings; sourceTree = "<group>"; };
		27EA38031432896900BAAB34 /* en */ = {isa = PBXFileReference; lastKnownFileType = file.xib; name = en; path = en.lproj/MainWindow.xib; sourceTree = "<group>"; };
		27EA380B14328E5E00BAAB34 /* WebViewController.h */ = {isa = PBXFileReference; fileEncoding = 4; lastKnownFileType = sourcecode.c.h; path = WebViewController.h; sourceTree = "<group>"; };
		27EA380C14328E5E00BAAB34 /* WebViewController.m */ = {isa = PBXFileReference; fileEncoding = 4; lastKnownFileType = sourcecode.c.objc; path = WebViewController.m; sourceTree = "<group>"; };
		27EA380E14328E8100BAAB34 /* Config.h */ = {isa = PBXFileReference; fileEncoding = 4; lastKnownFileType = sourcecode.c.h; path = Config.h; sourceTree = "<group>"; };
/* End PBXFileReference section */

/* Begin PBXFrameworksBuildPhase section */
		27EA377B1432741A00BAAB34 /* Frameworks */ = {
			isa = PBXFrameworksBuildPhase;
			buildActionMask = 2147483647;
			files = (
				27ACF09814C8DB2400CF6FB1 /* CoreGraphics.framework in Frameworks */,
				27EA37B0143286E500BAAB34 /* AVFoundation.framework in Frameworks */,
				27EA37F8143287E900BAAB34 /* CoreLocation.framework in Frameworks */,
				27EA37B1143286E500BAAB34 /* CoreMedia.framework in Frameworks */,
				27EA37B2143286E500BAAB34 /* CoreVideo.framework in Frameworks */,
				27EA37B3143286E500BAAB34 /* libiconv.dylib in Frameworks */,
				27EA37B4143286E500BAAB34 /* QuartzCore.framework in Frameworks */,
				27EA37831432741A00BAAB34 /* UIKit.framework in Frameworks */,
				27EA37851432741A00BAAB34 /* Foundation.framework in Frameworks */,
				27A61B6415D1EA4100C27BF5 /* libIQEnginesLocal.a in Frameworks */,
			);
			runOnlyForDeploymentPostprocessing = 0;
		};
/* End PBXFrameworksBuildPhase section */

/* Begin PBXGroup section */
		27A61B1715D1EA4100C27BF5 /* IQEnginesSDK */ = {
			isa = PBXGroup;
			children = (
				27A61B1815D1EA4100C27BF5 /* IQE.h */,
				27A61B1915D1EA4100C27BF5 /* IQE.m */,
				27A61B1A15D1EA4100C27BF5 /* IQEConfig.h */,
				27A61B1B15D1EA4100C27BF5 /* IQEDebug.h */,
				27A61B1C15D1EA4100C27BF5 /* IQEDebug.m */,
				27A61B1D15D1EA4100C27BF5 /* IQEImageCapture.h */,
				27A61B1E15D1EA4100C27BF5 /* IQEImageCapture.m */,
				27A61B1F15D1EA4100C27BF5 /* IQEnginesMisc.h */,
				27A61B2015D1EA4100C27BF5 /* IQEnginesMisc.m */,
				27A61B2115D1EA4100C27BF5 /* Local */,
				27A61B2515D1EA4100C27BF5 /* Remote */,
				27A61B3D15D1EA4100C27BF5 /* UI */,
			);
			name = IQEnginesSDK;
			path = ../IQEnginesSDK;
			sourceTree = "<group>";
		};
		27A61B2115D1EA4100C27BF5 /* Local */ = {
			isa = PBXGroup;
			children = (
				27A61B2215D1EA4100C27BF5 /* IQEnginesLocal.h */,
				27A61B2315D1EA4100C27BF5 /* IQEnginesLocal.m */,
				27A61B2415D1EA4100C27BF5 /* libIQEnginesLocal.a */,
			);
			path = Local;
			sourceTree = "<group>";
		};
		27A61B2515D1EA4100C27BF5 /* Remote */ = {
			isa = PBXGroup;
			children = (
				27A61B2615D1EA4100C27BF5 /* IQEnginesAPI */,
				27A61B3B15D1EA4100C27BF5 /* IQEnginesRemote.h */,
				27A61B3C15D1EA4100C27BF5 /* IQEnginesRemote.m */,
			);
			path = Remote;
			sourceTree = "<group>";
		};
		27A61B2615D1EA4100C27BF5 /* IQEnginesAPI */ = {
			isa = PBXGroup;
			children = (
				27A61B2715D1EA4100C27BF5 /* IQEnginesAPI.h */,
				27A61B2815D1EA4100C27BF5 /* IQEnginesAPI.m */,
				27A61B2915D1EA4100C27BF5 /* IQEnginesBarcodeResultParser.h */,
				27A61B2A15D1EA4100C27BF5 /* IQEnginesBarcodeResultParser.m */,
				27A61B2B15D1EA4100C27BF5 /* IQEnginesFeedbackResultParser.h */,
				27A61B2C15D1EA4100C27BF5 /* IQEnginesFeedbackResultParser.m */,
				27A61B2D15D1EA4100C27BF5 /* IQEnginesQueryResultParser.h */,
				27A61B2E15D1EA4100C27BF5 /* IQEnginesQueryResultParser.m */,
				27A61B2F15D1EA4100C27BF5 /* IQEnginesRequestHandler.h */,
				27A61B3015D1EA4100C27BF5 /* IQEnginesRequestHandler.m */,
				27A61B3115D1EA4100C27BF5 /* IQEnginesResultResultParser.h */,
				27A61B3215D1EA4100C27BF5 /* IQEnginesResultResultParser.m */,
				27A61B3315D1EA4100C27BF5 /* IQEnginesTags.h */,
				27A61B3415D1EA4100C27BF5 /* IQEnginesTags.m */,
				27A61B3515D1EA4100C27BF5 /* IQEnginesUpdateResultParser.h */,
				27A61B3615D1EA4100C27BF5 /* IQEnginesUpdateResultParser.m */,
				27A61B3715D1EA4100C27BF5 /* IQEnginesUtils.h */,
				27A61B3815D1EA4100C27BF5 /* IQEnginesUtils.m */,
				27A61B3915D1EA4100C27BF5 /* IQEnginesXMLParserBase.h */,
				27A61B3A15D1EA4100C27BF5 /* IQEnginesXMLParserBase.m */,
			);
			path = IQEnginesAPI;
			sourceTree = "<group>";
		};
		27A61B3D15D1EA4100C27BF5 /* UI */ = {
			isa = PBXGroup;
			children = (
				27A61B3E15D1EA4100C27BF5 /* IQEBadgeView.h */,
				27A61B3F15D1EA4100C27BF5 /* IQEBadgeView.m */,
				27A61B4015D1EA4100C27BF5 /* IQEHistoryTableViewCell.h */,
				27A61B4115D1EA4100C27BF5 /* IQEHistoryTableViewCell.m */,
				27A61B4215D1EA4100C27BF5 /* IQELocation.h */,
				27A61B4315D1EA4100C27BF5 /* IQELocation.m */,
				27A61B4415D1EA4100C27BF5 /* IQEQuery.h */,
				27A61B4515D1EA4100C27BF5 /* IQEQuery.m */,
				27A61B4615D1EA4100C27BF5 /* IQEViewController.h */,
				27A61B4715D1EA4100C27BF5 /* IQEViewController.m */,
				27A61B4815D1EA4100C27BF5 /* Resources */,
				27A61B5D15D1EA4100C27BF5 /* UIImage+IQE.h */,
				27A61B5E15D1EA4100C27BF5 /* UIImage+IQE.m */,
			);
			path = UI;
			sourceTree = "<group>";
		};
		27A61B4815D1EA4100C27BF5 /* Resources */ = {
			isa = PBXGroup;
			children = (
				27A61B4915D1EA4100C27BF5 /* IQE.strings */,
				27A61B4B15D1EA4100C27BF5 /* IQEViewController.xib */,
				27A61B4D15D1EA4100C27BF5 /* IQEAccessoryDisclosureArrow.png */,
				27A61B4E15D1EA4100C27BF5 /* IQEAccessoryDisclosureArrow@2x.png */,
				27A61B4F15D1EA4100C27BF5 /* IQEBackArrow.png */,
				27A61B5015D1EA4100C27BF5 /* IQEBackArrow@2x.png */,
				27A61B5115D1EA4100C27BF5 /* IQEBarcode.png */,
				27A61B5215D1EA4100C27BF5 /* IQEBarcode@2x.png */,
				27A61B5315D1EA4100C27BF5 /* IQECameraButton.png */,
				27A61B5415D1EA4100C27BF5 /* IQECameraButton@2x.png */,
				27A61B5515D1EA4100C27BF5 /* IQECameraIcon.png */,
				27A61B5615D1EA4100C27BF5 /* IQECameraIcon@2x.png */,
				27A61B5715D1EA4100C27BF5 /* IQEDataMatrix.png */,
				27A61B5815D1EA4100C27BF5 /* IQEDataMatrix@2x.png */,
				27A61B5915D1EA4100C27BF5 /* IQEHistoryIcon.png */,
				27A61B5A15D1EA4100C27BF5 /* IQEHistoryIcon@2x.png */,
				27A61B5B15D1EA4100C27BF5 /* IQEQRCode.png */,
				27A61B5C15D1EA4100C27BF5 /* IQEQRCode@2x.png */,
			);
			path = Resources;
			sourceTree = "<group>";
		};
		27EA37731432741A00BAAB34 = {
			isa = PBXGroup;
			children = (
				27A61B1715D1EA4100C27BF5 /* IQEnginesSDK */,
				27EA37881432741A00BAAB34 /* Example */,
				27EA37811432741A00BAAB34 /* Frameworks */,
				27EA377F1432741A00BAAB34 /* Products */,
			);
			sourceTree = "<group>";
		};
		27EA377F1432741A00BAAB34 /* Products */ = {
			isa = PBXGroup;
			children = (
				27EA377E1432741A00BAAB34 /* Example.app */,
			);
			name = Products;
			sourceTree = "<group>";
		};
		27EA37811432741A00BAAB34 /* Frameworks */ = {
			isa = PBXGroup;
			children = (
				27EA37AE143286E500BAAB34 /* libiconv.dylib */,
				27EA37821432741A00BAAB34 /* UIKit.framework */,
				27EA37841432741A00BAAB34 /* Foundation.framework */,
				27EA37AB143286E500BAAB34 /* AVFoundation.framework */,
				27ACF09714C8DB2400CF6FB1 /* CoreGraphics.framework */,
				27EA37F7143287E900BAAB34 /* CoreLocation.framework */,
				27EA37AC143286E500BAAB34 /* CoreMedia.framework */,
				27EA37AD143286E500BAAB34 /* CoreVideo.framework */,
				27EA37AF143286E500BAAB34 /* QuartzCore.framework */,
			);
			name = Frameworks;
			sourceTree = "<group>";
		};
		27EA37881432741A00BAAB34 /* Example */ = {
			isa = PBXGroup;
			children = (
				27EA380E14328E8100BAAB34 /* Config.h */,
				27EA37911432741A00BAAB34 /* ExampleAppDelegate.h */,
				27EA37921432741A00BAAB34 /* ExampleAppDelegate.m */,
				27EA37971432741A00BAAB34 /* ExampleViewController.h */,
				27EA37981432741A00BAAB34 /* ExampleViewController.m */,
				27A61B8815D1F3E300C27BF5 /* ResultsViewController.h */,
				27A61B8915D1F3E300C27BF5 /* ResultsViewController.m */,
				27EA380B14328E5E00BAAB34 /* WebViewController.h */,
				27EA380C14328E5E00BAAB34 /* WebViewController.m */,
				27EA37FD1432896900BAAB34 /* Resources */,
				27EA37891432741A00BAAB34 /* Supporting Files */,
			);
			path = Example;
			sourceTree = "<group>";
		};
		27EA37891432741A00BAAB34 /* Supporting Files */ = {
			isa = PBXGroup;
			children = (
				27EA378A1432741A00BAAB34 /* Example-Info.plist */,
				27EA378E1432741A00BAAB34 /* main.m */,
				27EA37901432741A00BAAB34 /* Example-Prefix.pch */,
			);
			name = "Supporting Files";
			sourceTree = "<group>";
		};
		27EA37FD1432896900BAAB34 /* Resources */ = {
			isa = PBXGroup;
			children = (
				27A61B8E15D1F71A00C27BF5 /* ResultsBackArrow.png */,
				27A61B8F15D1F71A00C27BF5 /* ResultsBackArrow@2x.png */,
				27A61B9015D1F71A00C27BF5 /* ResultsWWW.png */,
				27A61B9115D1F71A00C27BF5 /* ResultsWWW@2x.png */,
				27655609143291530001BDE4 /* webview_back_button.png */,
				2765560A143291530001BDE4 /* webview_back_button@2x.png */,
				2765560B143291530001BDE4 /* webview_forward_button.png */,
				2765560C143291530001BDE4 /* webview_forward_button@2x.png */,
				2765560D143291530001BDE4 /* webview_back_arrow.png */,
				2765560E143291530001BDE4 /* webview_back_arrow@2x.png */,
				27EA38001432896900BAAB34 /* InfoPlist.strings */,
				27EA37FE1432896900BAAB34 /* ExampleViewController.xib */,
				27EA38021432896900BAAB34 /* MainWindow.xib */,
				27A61B8B15D1F3FB00C27BF5 /* ResultsViewController.xib */,
				27655606143290ED0001BDE4 /* WebViewController.xib */,
			);
			path = Resources;
			sourceTree = "<group>";
		};
/* End PBXGroup section */

/* Begin PBXNativeTarget section */
		27EA377D1432741A00BAAB34 /* Example */ = {
			isa = PBXNativeTarget;
			buildConfigurationList = 27EA379F1432741A00BAAB34 /* Build configuration list for PBXNativeTarget "Example" */;
			buildPhases = (
				27EA377A1432741A00BAAB34 /* Sources */,
				27EA377B1432741A00BAAB34 /* Frameworks */,
				27EA377C1432741A00BAAB34 /* Resources */,
			);
			buildRules = (
			);
			dependencies = (
			);
			name = Example;
			productName = Example;
			productReference = 27EA377E1432741A00BAAB34 /* Example.app */;
			productType = "com.apple.product-type.application";
		};
/* End PBXNativeTarget section */

/* Begin PBXProject section */
		27EA37751432741A00BAAB34 /* Project object */ = {
			isa = PBXProject;
			attributes = {
				LastUpgradeCheck = 0420;
				ORGANIZATIONNAME = "IQ Engines, Inc.";
			};
			buildConfigurationList = 27EA37781432741A00BAAB34 /* Build configuration list for PBXProject "Example" */;
			compatibilityVersion = "Xcode 3.2";
			developmentRegion = English;
			hasScannedForEncodings = 0;
			knownRegions = (
				en,
			);
			mainGroup = 27EA37731432741A00BAAB34;
			productRefGroup = 27EA377F1432741A00BAAB34 /* Products */;
			projectDirPath = "";
			projectRoot = "";
			targets = (
				27EA377D1432741A00BAAB34 /* Example */,
			);
		};
/* End PBXProject section */

/* Begin PBXResourcesBuildPhase section */
		27EA377C1432741A00BAAB34 /* Resources */ = {
			isa = PBXResourcesBuildPhase;
			buildActionMask = 2147483647;
			files = (
				27EA38041432896900BAAB34 /* ExampleViewController.xib in Resources */,
				27EA38051432896900BAAB34 /* InfoPlist.strings in Resources */,
				27EA38061432896900BAAB34 /* MainWindow.xib in Resources */,
				27655608143290ED0001BDE4 /* WebViewController.xib in Resources */,
				2765560F143291530001BDE4 /* webview_back_button.png in Resources */,
				27655610143291530001BDE4 /* webview_back_button@2x.png in Resources */,
				27655611143291530001BDE4 /* webview_forward_button.png in Resources */,
				27655612143291530001BDE4 /* webview_forward_button@2x.png in Resources */,
				27655613143291530001BDE4 /* webview_back_arrow.png in Resources */,
				27655614143291530001BDE4 /* webview_back_arrow@2x.png in Resources */,
				27A61B7515D1EA4100C27BF5 /* IQE.strings in Resources */,
				27A61B7615D1EA4100C27BF5 /* IQEViewController.xib in Resources */,
				27A61B7715D1EA4100C27BF5 /* IQEAccessoryDisclosureArrow.png in Resources */,
				27A61B7815D1EA4100C27BF5 /* IQEAccessoryDisclosureArrow@2x.png in Resources */,
				27A61B7915D1EA4100C27BF5 /* IQEBackArrow.png in Resources */,
				27A61B7A15D1EA4100C27BF5 /* IQEBackArrow@2x.png in Resources */,
				27A61B7B15D1EA4100C27BF5 /* IQEBarcode.png in Resources */,
				27A61B7C15D1EA4100C27BF5 /* IQEBarcode@2x.png in Resources */,
				27A61B7D15D1EA4100C27BF5 /* IQECameraButton.png in Resources */,
				27A61B7E15D1EA4100C27BF5 /* IQECameraButton@2x.png in Resources */,
				27A61B7F15D1EA4100C27BF5 /* IQECameraIcon.png in Resources */,
				27A61B8015D1EA4100C27BF5 /* IQECameraIcon@2x.png in Resources */,
				27A61B8115D1EA4100C27BF5 /* IQEDataMatrix.png in Resources */,
				27A61B8215D1EA4100C27BF5 /* IQEDataMatrix@2x.png in Resources */,
				27A61B8315D1EA4100C27BF5 /* IQEHistoryIcon.png in Resources */,
				27A61B8415D1EA4100C27BF5 /* IQEHistoryIcon@2x.png in Resources */,
				27A61B8515D1EA4100C27BF5 /* IQEQRCode.png in Resources */,
				27A61B8615D1EA4100C27BF5 /* IQEQRCode@2x.png in Resources */,
				27A61B8D15D1F3FB00C27BF5 /* ResultsViewController.xib in Resources */,
				27A61B9215D1F71A00C27BF5 /* ResultsBackArrow.png in Resources */,
				27A61B9315D1F71A00C27BF5 /* ResultsBackArrow@2x.png in Resources */,
				27A61B9415D1F71A00C27BF5 /* ResultsWWW.png in Resources */,
				27A61B9515D1F71A00C27BF5 /* ResultsWWW@2x.png in Resources */,
			);
			runOnlyForDeploymentPostprocessing = 0;
		};
/* End PBXResourcesBuildPhase section */

/* Begin PBXSourcesBuildPhase section */
		27EA377A1432741A00BAAB34 /* Sources */ = {
			isa = PBXSourcesBuildPhase;
			buildActionMask = 2147483647;
			files = (
				27EA378F1432741A00BAAB34 /* main.m in Sources */,
				27EA37931432741A00BAAB34 /* ExampleAppDelegate.m in Sources */,
				27EA37991432741A00BAAB34 /* ExampleViewController.m in Sources */,
				27EA380D14328E5E00BAAB34 /* WebViewController.m in Sources */,
				27A61B5F15D1EA4100C27BF5 /* IQE.m in Sources */,
				27A61B6015D1EA4100C27BF5 /* IQEDebug.m in Sources */,
				27A61B6115D1EA4100C27BF5 /* IQEImageCapture.m in Sources */,
				27A61B6215D1EA4100C27BF5 /* IQEnginesMisc.m in Sources */,
				27A61B6315D1EA4100C27BF5 /* IQEnginesLocal.m in Sources */,
				27A61B6515D1EA4100C27BF5 /* IQEnginesAPI.m in Sources */,
				27A61B6615D1EA4100C27BF5 /* IQEnginesBarcodeResultParser.m in Sources */,
				27A61B6715D1EA4100C27BF5 /* IQEnginesFeedbackResultParser.m in Sources */,
				27A61B6815D1EA4100C27BF5 /* IQEnginesQueryResultParser.m in Sources */,
				27A61B6915D1EA4100C27BF5 /* IQEnginesRequestHandler.m in Sources */,
				27A61B6A15D1EA4100C27BF5 /* IQEnginesResultResultParser.m in Sources */,
				27A61B6B15D1EA4100C27BF5 /* IQEnginesTags.m in Sources */,
				27A61B6C15D1EA4100C27BF5 /* IQEnginesUpdateResultParser.m in Sources */,
				27A61B6D15D1EA4100C27BF5 /* IQEnginesUtils.m in Sources */,
				27A61B6E15D1EA4100C27BF5 /* IQEnginesXMLParserBase.m in Sources */,
				27A61B6F15D1EA4100C27BF5 /* IQEnginesRemote.m in Sources */,
				27A61B7015D1EA4100C27BF5 /* IQEBadgeView.m in Sources */,
				27A61B7115D1EA4100C27BF5 /* IQEHistoryTableViewCell.m in Sources */,
				27A61B7215D1EA4100C27BF5 /* IQELocation.m in Sources */,
				27A61B7315D1EA4100C27BF5 /* IQEQuery.m in Sources */,
				27A61B7415D1EA4100C27BF5 /* IQEViewController.m in Sources */,
				27A61B8715D1EA4100C27BF5 /* UIImage+IQE.m in Sources */,
				27A61B8A15D1F3E300C27BF5 /* ResultsViewController.m in Sources */,
			);
			runOnlyForDeploymentPostprocessing = 0;
		};
/* End PBXSourcesBuildPhase section */

/* Begin PBXVariantGroup section */
		27655606143290ED0001BDE4 /* WebViewController.xib */ = {
			isa = PBXVariantGroup;
			children = (
				27655607143290ED0001BDE4 /* en */,
			);
			name = WebViewController.xib;
			sourceTree = "<group>";
		};
		27A61B4915D1EA4100C27BF5 /* IQE.strings */ = {
			isa = PBXVariantGroup;
			children = (
				27A61B4A15D1EA4100C27BF5 /* en */,
			);
			name = IQE.strings;
			sourceTree = "<group>";
		};
		27A61B4B15D1EA4100C27BF5 /* IQEViewController.xib */ = {
			isa = PBXVariantGroup;
			children = (
				27A61B4C15D1EA4100C27BF5 /* en */,
			);
			name = IQEViewController.xib;
			sourceTree = "<group>";
		};
		27A61B8B15D1F3FB00C27BF5 /* ResultsViewController.xib */ = {
			isa = PBXVariantGroup;
			children = (
				27A61B8C15D1F3FB00C27BF5 /* en */,
			);
			name = ResultsViewController.xib;
			sourceTree = "<group>";
		};
		27EA37FE1432896900BAAB34 /* ExampleViewController.xib */ = {
			isa = PBXVariantGroup;
			children = (
				27EA37FF1432896900BAAB34 /* en */,
			);
			name = ExampleViewController.xib;
			sourceTree = "<group>";
		};
		27EA38001432896900BAAB34 /* InfoPlist.strings */ = {
			isa = PBXVariantGroup;
			children = (
				27EA38011432896900BAAB34 /* en */,
			);
			name = InfoPlist.strings;
			sourceTree = "<group>";
		};
		27EA38021432896900BAAB34 /* MainWindow.xib */ = {
			isa = PBXVariantGroup;
			children = (
				27EA38031432896900BAAB34 /* en */,
			);
			name = MainWindow.xib;
			sourceTree = "<group>";
		};
/* End PBXVariantGroup section */

/* Begin XCBuildConfiguration section */
		27EA379D1432741A00BAAB34 /* Debug */ = {
			isa = XCBuildConfiguration;
			buildSettings = {
				ALWAYS_SEARCH_USER_PATHS = NO;
				ARCHS = (
					armv7,
					armv6,
				);
				"CODE_SIGN_IDENTITY[sdk=iphoneos*]" = "iPhone Developer";
				COPY_PHASE_STRIP = NO;
				GCC_C_LANGUAGE_STANDARD = gnu99;
				GCC_DYNAMIC_NO_PIC = NO;
				GCC_OPTIMIZATION_LEVEL = 0;
				GCC_PREPROCESSOR_DEFINITIONS = (
					"DEBUG=1",
					"$(inherited)",
				);
				GCC_SYMBOLS_PRIVATE_EXTERN = NO;
				GCC_WARN_ABOUT_MISSING_PROTOTYPES = YES;
				GCC_WARN_ABOUT_RETURN_TYPE = YES;
				GCC_WARN_UNUSED_VARIABLE = YES;
				IPHONEOS_DEPLOYMENT_TARGET = 4.0;
				OTHER_LDFLAGS = "-lstdc++";
				SDKROOT = iphoneos;
			};
			name = Debug;
		};
		27EA379E1432741A00BAAB34 /* Release */ = {
			isa = XCBuildConfiguration;
			buildSettings = {
				ALWAYS_SEARCH_USER_PATHS = NO;
				ARCHS = (
					armv7,
					armv6,
				);
				"CODE_SIGN_IDENTITY[sdk=iphoneos*]" = "iPhone Developer";
				COPY_PHASE_STRIP = YES;
				GCC_C_LANGUAGE_STANDARD = gnu99;
				GCC_WARN_ABOUT_MISSING_PROTOTYPES = YES;
				GCC_WARN_ABOUT_RETURN_TYPE = YES;
				GCC_WARN_UNUSED_VARIABLE = YES;
				IPHONEOS_DEPLOYMENT_TARGET = 4.0;
				OTHER_CFLAGS = "-DNS_BLOCK_ASSERTIONS=1";
				OTHER_LDFLAGS = "-lstdc++";
				SDKROOT = iphoneos;
				VALIDATE_PRODUCT = YES;
			};
			name = Release;
		};
		27EA37A01432741A00BAAB34 /* Debug */ = {
			isa = XCBuildConfiguration;
			buildSettings = {
				GCC_PRECOMPILE_PREFIX_HEADER = YES;
				GCC_PREFIX_HEADER = "Example/Example-Prefix.pch";
				INFOPLIST_FILE = "Example/Example-Info.plist";
				LIBRARY_SEARCH_PATHS = (
					"$(inherited)",
					"\"$(SRCROOT)/../IQEnginesSDK/Local\"",
				);
				PRODUCT_NAME = "$(TARGET_NAME)";
				WRAPPER_EXTENSION = app;
			};
			name = Debug;
		};
		27EA37A11432741A00BAAB34 /* Release */ = {
			isa = XCBuildConfiguration;
			buildSettings = {
				GCC_PRECOMPILE_PREFIX_HEADER = YES;
				GCC_PREFIX_HEADER = "Example/Example-Prefix.pch";
				INFOPLIST_FILE = "Example/Example-Info.plist";
				LIBRARY_SEARCH_PATHS = (
					"$(inherited)",
					"\"$(SRCROOT)/../IQEnginesSDK/Local\"",
				);
				PRODUCT_NAME = "$(TARGET_NAME)";
				WRAPPER_EXTENSION = app;
			};
			name = Release;
		};
/* End XCBuildConfiguration section */

/* Begin XCConfigurationList section */
		27EA37781432741A00BAAB34 /* Build configuration list for PBXProject "Example" */ = {
			isa = XCConfigurationList;
			buildConfigurations = (
				27EA379D1432741A00BAAB34 /* Debug */,
				27EA379E1432741A00BAAB34 /* Release */,
			);
			defaultConfigurationIsVisible = 0;
			defaultConfigurationName = Release;
		};
		27EA379F1432741A00BAAB34 /* Build configuration list for PBXNativeTarget "Example" */ = {
			isa = XCConfigurationList;
			buildConfigurations = (
				27EA37A01432741A00BAAB34 /* Debug */,
				27EA37A11432741A00BAAB34 /* Release */,
			);
			defaultConfigurationIsVisible = 0;
			defaultConfigurationName = Release;
		};
/* End XCConfigurationList section */
	};
	rootObject = 27EA37751432741A00BAAB34 /* Project object */;
}
